// !$*UTF8*$!
{
	archiveVersion = 1;
	classes = {
	};
	objectVersion = 46;
	objects = {

/* Begin PBXBuildFile section */
		DBB691551EA601D100447E16 /* main.m in Sources */ = {isa = PBXBuildFile; fileRef = DBB691541EA601D100447E16 /* main.m */; };
		DBB691581EA601D100447E16 /* AppDelegate.m in Sources */ = {isa = PBXBuildFile; fileRef = DBB691571EA601D100447E16 /* AppDelegate.m */; };
		DBB6915B1EA601D100447E16 /* ViewController.m in Sources */ = {isa = PBXBuildFile; fileRef = DBB6915A1EA601D100447E16 /* ViewController.m */; };
		DBB6915E1EA601D100447E16 /* Main.storyboard in Resources */ = {isa = PBXBuildFile; fileRef = DBB6915C1EA601D100447E16 /* Main.storyboard */; };
		DBB691601EA601D100447E16 /* Assets.xcassets in Resources */ = {isa = PBXBuildFile; fileRef = DBB6915F1EA601D100447E16 /* Assets.xcassets */; };
		DBB691631EA601D100447E16 /* LaunchScreen.storyboard in Resources */ = {isa = PBXBuildFile; fileRef = DBB691611EA601D100447E16 /* LaunchScreen.storyboard */; };
/* End PBXBuildFile section */

/* Begin PBXFileReference section */
		DBB691501EA601D100447E16 /* RITLBaseProject.app */ = {isa = PBXFileReference; explicitFileType = wrapper.application; includeInIndex = 0; path = RITLBaseProject.app; sourceTree = BUILT_PRODUCTS_DIR; };
		DBB691541EA601D100447E16 /* main.m */ = {isa = PBXFileReference; lastKnownFileType = sourcecode.c.objc; path = main.m; sourceTree = "<group>"; };
		DBB691561EA601D100447E16 /* AppDelegate.h */ = {isa = PBXFileReference; lastKnownFileType = sourcecode.c.h; path = AppDelegate.h; sourceTree = "<group>"; };
		DBB691571EA601D100447E16 /* AppDelegate.m */ = {isa = PBXFileReference; lastKnownFileType = sourcecode.c.objc; path = AppDelegate.m; sourceTree = "<group>"; };
		DBB691591EA601D100447E16 /* ViewController.h */ = {isa = PBXFileReference; lastKnownFileType = sourcecode.c.h; path = ViewController.h; sourceTree = "<group>"; };
		DBB6915A1EA601D100447E16 /* ViewController.m */ = {isa = PBXFileReference; lastKnownFileType = sourcecode.c.objc; path = ViewController.m; sourceTree = "<group>"; };
		DBB6915D1EA601D100447E16 /* Base */ = {isa = PBXFileReference; lastKnownFileType = file.storyboard; name = Base; path = Base.lproj/Main.storyboard; sourceTree = "<group>"; };
		DBB6915F1EA601D100447E16 /* Assets.xcassets */ = {isa = PBXFileReference; lastKnownFileType = folder.assetcatalog; path = Assets.xcassets; sourceTree = "<group>"; };
		DBB691621EA601D100447E16 /* Base */ = {isa = PBXFileReference; lastKnownFileType = file.storyboard; name = Base; path = Base.lproj/LaunchScreen.storyboard; sourceTree = "<group>"; };
		DBB691641EA601D100447E16 /* Info.plist */ = {isa = PBXFileReference; lastKnownFileType = text.plist.xml; path = Info.plist; sourceTree = "<group>"; };
/* End PBXFileReference section */

/* Begin PBXFrameworksBuildPhase section */
		DBB6914D1EA601D100447E16 /* Frameworks */ = {
			isa = PBXFrameworksBuildPhase;
			buildActionMask = 2147483647;
			files = (
			);
			runOnlyForDeploymentPostprocessing = 0;
		};
/* End PBXFrameworksBuildPhase section */

/* Begin PBXGroup section */
		DBB691471EA601D100447E16 = {
			isa = PBXGroup;
			children = (
				DBB691521EA601D100447E16 /* RITLBaseProject */,
				DBB691511EA601D100447E16 /* Products */,
			);
			sourceTree = "<group>";
		};
		DBB691511EA601D100447E16 /* Products */ = {
			isa = PBXGroup;
			children = (
				DBB691501EA601D100447E16 /* RITLBaseProject.app */,
			);
			name = Products;
			sourceTree = "<group>";
		};
		DBB691521EA601D100447E16 /* RITLBaseProject */ = {
			isa = PBXGroup;
			children = (
				DBB691561EA601D100447E16 /* AppDelegate.h */,
				DBB691571EA601D100447E16 /* AppDelegate.m */,
				DBB691591EA601D100447E16 /* ViewController.h */,
				DBB6915A1EA601D100447E16 /* ViewController.m */,
				DBB6915C1EA601D100447E16 /* Main.storyboard */,
				DBB6915F1EA601D100447E16 /* Assets.xcassets */,
				DBB691611EA601D100447E16 /* LaunchScreen.storyboard */,
				DBB691641EA601D100447E16 /* Info.plist */,
				DBB691531EA601D100447E16 /* Supporting Files */,
			);
			path = RITLBaseProject;
			sourceTree = "<group>";
		};
		DBB691531EA601D100447E16 /* Supporting Files */ = {
			isa = PBXGroup;
			children = (
				DBB691541EA601D100447E16 /* main.m */,
			);
			name = "Supporting Files";
			sourceTree = "<group>";
		};
/* End PBXGroup section */

/* Begin PBXNativeTarget section */
		DBB6914F1EA601D100447E16 /* RITLBaseProject */ = {
			isa = PBXNativeTarget;
			buildConfigurationList = DBB691671EA601D100447E16 /* Build configuration list for PBXNativeTarget "RITLBaseProject" */;
			buildPhases = (
				DBB6914C1EA601D100447E16 /* Sources */,
				DBB6914D1EA601D100447E16 /* Frameworks */,
				DBB6914E1EA601D100447E16 /* Resources */,
			);
			buildRules = (
			);
			dependencies = (
			);
			name = RITLBaseProject;
			productName = RITLBaseProject;
			productReference = DBB691501EA601D100447E16 /* RITLBaseProject.app */;
			productType = "com.apple.product-type.application";
		};
/* End PBXNativeTarget section */

/* Begin PBXProject section */
		DBB691481EA601D100447E16 /* Project object */ = {
			isa = PBXProject;
			attributes = {
				LastUpgradeCheck = 0830;
				ORGANIZATIONNAME = YueWen;
				TargetAttributes = {
					DBB6914F1EA601D100447E16 = {
						CreatedOnToolsVersion = 8.3.1;
						DevelopmentTeam = 8S4NWFZC5J;
						ProvisioningStyle = Automatic;
					};
				};
			};
			buildConfigurationList = DBB6914B1EA601D100447E16 /* Build configuration list for PBXProject "RITLBaseProject" */;
			compatibilityVersion = "Xcode 3.2";
			developmentRegion = English;
			hasScannedForEncodings = 0;
			knownRegions = (
				en,
				Base,
			);
			mainGroup = DBB691471EA601D100447E16;
			productRefGroup = DBB691511EA601D100447E16 /* Products */;
			projectDirPath = "";
			projectRoot = "";
			targets = (
				DBB6914F1EA601D100447E16 /* RITLBaseProject */,
			);
		};
/* End PBXProject section */

/* Begin PBXResourcesBuildPhase section */
		DBB6914E1EA601D100447E16 /* Resources */ = {
			isa = PBXResourcesBuildPhase;
			buildActionMask = 2147483647;
			files = (
				DBB691631EA601D100447E16 /* LaunchScreen.storyboard in Resources */,
				DBB691601EA601D100447E16 /* Assets.xcassets in Resources */,
				DBB6915E1EA601D100447E16 /* Main.storyboard in Resources */,
			);
			runOnlyForDeploymentPostprocessing = 0;
		};
/* End PBXResourcesBuildPhase section */

/* Begin PBXSourcesBuildPhase section */
		DBB6914C1EA601D100447E16 /* Sources */ = {
			isa = PBXSourcesBuildPhase;
			buildActionMask = 2147483647;
			files = (
				DBB6915B1EA601D100447E16 /* ViewController.m in Sources */,
				DBB691581EA601D100447E16 /* AppDelegate.m in Sources */,
				DBB691551EA601D100447E16 /* main.m in Sources */,
			);
			runOnlyForDeploymentPostprocessing = 0;
		};
/* End PBXSourcesBuildPhase section */

/* Begin PBXVariantGroup section */
		DBB6915C1EA601D100447E16 /* Main.storyboard */ = {
			isa = PBXVariantGroup;
			children = (
				DBB6915D1EA601D100447E16 /* Base */,
			);
			name = Main.storyboard;
			sourceTree = "<group>";
		};
		DBB691611EA601D100447E16 /* LaunchScreen.storyboard */ = {
			isa = PBXVariantGroup;
			children = (
				DBB691621EA601D100447E16 /* Base */,
			);
			name = LaunchScreen.storyboard;
			sourceTree = "<group>";
		};
/* End PBXVariantGroup section */

/* Begin XCBuildConfiguration section */
		DBB691651EA601D100447E16 /* Debug */ = {
			isa = XCBuildConfiguration;
			buildSettings = {
				ALWAYS_SEARCH_USER_PATHS = NO;
				CLANG_ANALYZER_NONNULL = YES;
				CLANG_ANALYZER_NUMBER_OBJECT_CONVERSION = YES_AGGRESSIVE;
				CLANG_CXX_LANGUAGE_STANDARD = "gnu++0x";
				CLANG_CXX_LIBRARY = "libc++";
				CLANG_ENABLE_MODULES = YES;
				CLANG_ENABLE_OBJC_ARC = YES;
				CLANG_WARN_BOOL_CONVERSION = YES;
				CLANG_WARN_CONSTANT_CONVERSION = YES;
				CLANG_WARN_DIRECT_OBJC_ISA_USAGE = YES_ERROR;
				CLANG_WARN_DOCUMENTATION_COMMENTS = YES;
				CLANG_WARN_EMPTY_BODY = YES;
				CLANG_WARN_ENUM_CONVERSION = YES;
				CLANG_WARN_INFINITE_RECURSION = YES;
				CLANG_WARN_INT_CONVERSION = YES;
				CLANG_WARN_OBJC_ROOT_CLASS = YES_ERROR;
				CLANG_WARN_SUSPICIOUS_MOVE = YES;
				CLANG_WARN_UNREACHABLE_CODE = YES;
				CLANG_WARN__DUPLICATE_METHOD_MATCH = YES;
				"CODE_SIGN_IDENTITY[sdk=iphoneos*]" = "iPhone Developer";
				COPY_PHASE_STRIP = NO;
				DEBUG_INFORMATION_FORMAT = dwarf;
				ENABLE_STRICT_OBJC_MSGSEND = YES;
				ENABLE_TESTABILITY = YES;
				GCC_C_LANGUAGE_STANDARD = gnu99;
				GCC_DYNAMIC_NO_PIC = NO;
				GCC_NO_COMMON_BLOCKS = YES;
				GCC_OPTIMIZATION_LEVEL = 0;
				GCC_PREPROCESSOR_DEFINITIONS = (
					"DEBUG=1",
					"$(inherited)",
				);
				GCC_WARN_64_TO_32_BIT_CONVERSION = YES;
				GCC_WARN_ABOUT_RETURN_TYPE = YES_ERROR;
				GCC_WARN_UNDECLARED_SELECTOR = YES;
				GCC_WARN_UNINITIALIZED_AUTOS = YES_AGGRESSIVE;
				GCC_WARN_UNUSED_FUNCTION = YES;
				GCC_WARN_UNUSED_VARIABLE = YES;
				IPHONEOS_DEPLOYMENT_TARGET = 10.3;
				MTL_ENABLE_DEBUG_INFO = YES;
				ONLY_ACTIVE_ARCH = YES;
				SDKROOT = iphoneos;
			};
			name = Debug;
		};
		DBB691661EA601D100447E16 /* Release */ = {
			isa = XCBuildConfiguration;
			buildSettings = {
				ALWAYS_SEARCH_USER_PATHS = NO;
				CLANG_ANALYZER_NONNULL = YES;
				CLANG_ANALYZER_NUMBER_OBJECT_CONVERSION = YES_AGGRESSIVE;
				CLANG_CXX_LANGUAGE_STANDARD = "gnu++0x";
				CLANG_CXX_LIBRARY = "libc++";
				CLANG_ENABLE_MODULES = YES;
				CLANG_ENABLE_OBJC_ARC = YES;
				CLANG_WARN_BOOL_CONVERSION = YES;
				CLANG_WARN_CONSTANT_CONVERSION = YES;
				CLANG_WARN_DIRECT_OBJC_ISA_USAGE = YES_ERROR;
				CLANG_WARN_DOCUMENTATION_COMMENTS = YES;
				CLANG_WARN_EMPTY_BODY = YES;
				CLANG_WARN_ENUM_CONVERSION = YES;
				CLANG_WARN_INFINITE_RECURSION = YES;
				CLANG_WARN_INT_CONVERSION = YES;
				CLANG_WARN_OBJC_ROOT_CLASS = YES_ERROR;
				CLANG_WARN_SUSPICIOUS_MOVE = YES;
				CLANG_WARN_UNREACHABLE_CODE = YES;
				CLANG_WARN__DUPLICATE_METHOD_MATCH = YES;
				"CODE_SIGN_IDENTITY[sdk=iphoneos*]" = "iPhone Developer";
				COPY_PHASE_STRIP = NO;
				DEBUG_INFORMATION_FORMAT = "dwarf-with-dsym";
				ENABLE_NS_ASSERTIONS = NO;
				ENABLE_STRICT_OBJC_MSGSEND = YES;
				GCC_C_LANGUAGE_STANDARD = gnu99;
				GCC_NO_COMMON_BLOCKS = YES;
				GCC_WARN_64_TO_32_BIT_CONVERSION = YES;
				GCC_WARN_ABOUT_RETURN_TYPE = YES_ERROR;
				GCC_WARN_UNDECLARED_SELECTOR = YES;
				GCC_WARN_UNINITIALIZED_AUTOS = YES_AGGRESSIVE;
				GCC_WARN_UNUSED_FUNCTION = YES;
				GCC_WARN_UNUSED_VARIABLE = YES;
				IPHONEOS_DEPLOYMENT_TARGET = 10.3;
				MTL_ENABLE_DEBUG_INFO = NO;
				SDKROOT = iphoneos;
				VALIDATE_PRODUCT = YES;
			};
			name = Release;
		};
		DBB691681EA601D100447E16 /* Debug */ = {
			isa = XCBuildConfiguration;
			buildSettings = {
				ASSETCATALOG_COMPILER_APPICON_NAME = AppIcon;
				DEVELOPMENT_TEAM = 8S4NWFZC5J;
				INFOPLIST_FILE = RITLBaseProject/Info.plist;
				LD_RUNPATH_SEARCH_PATHS = "$(inherited) @executable_path/Frameworks";
				PRODUCT_BUNDLE_IDENTIFIER = com.yue.RITLBaseProject;
				PRODUCT_NAME = "$(TARGET_NAME)";
			};
			name = Debug;
		};
		DBB691691EA601D100447E16 /* Release */ = {
			isa = XCBuildConfiguration;
			buildSettings = {
				ASSETCATALOG_COMPILER_APPICON_NAME = AppIcon;
				DEVELOPMENT_TEAM = 8S4NWFZC5J;
				INFOPLIST_FILE = RITLBaseProject/Info.plist;
				LD_RUNPATH_SEARCH_PATHS = "$(inherited) @executable_path/Frameworks";
				PRODUCT_BUNDLE_IDENTIFIER = com.yue.RITLBaseProject;
				PRODUCT_NAME = "$(TARGET_NAME)";
			};
			name = Release;
		};
/* End XCBuildConfiguration section */

/* Begin XCConfigurationList section */
		DBB6914B1EA601D100447E16 /* Build configuration list for PBXProject "RITLBaseProject" */ = {
			isa = XCConfigurationList;
			buildConfigurations = (
				DBB691651EA601D100447E16 /* Debug */,
				DBB691661EA601D100447E16 /* Release */,
			);
			defaultConfigurationIsVisible = 0;
			defaultConfigurationName = Release;
		};
		DBB691671EA601D100447E16 /* Build configuration list for PBXNativeTarget "RITLBaseProject" */ = {
			isa = XCConfigurationList;
			buildConfigurations = (
				DBB691681EA601D100447E16 /* Debug */,
				DBB691691EA601D100447E16 /* Release */,
			);
			defaultConfigurationIsVisible = 0;
		};
/* End XCConfigurationList section */
	};
	rootObject = DBB691481EA601D100447E16 /* Project object */;
}
